
Microsoft Visual Studio Solution File, Format Version 12.00
# Visual Studio 15
VisualStudioVersion = 15.0.27428.2002
MinimumVisualStudioVersion = 10.0.40219.1
Project("{888888A0-9F3D-457C-B088-3A5042F75D52}") = "ocelittle", "ocelittle.pyproj", "{8FB81A96-EA49-457D-BCD5-9F1A81E33319}"
EndProject
Project("{888888A0-9F3D-457C-B088-3A5042F75D52}") = "ocelot", "ocelot\ocelot.pyproj", "{8D9EEFFD-8C1B-4D73-8C85-FA7EAC8A3571}"
EndProject
Global
	GlobalSection(SolutionConfigurationPlatforms) = preSolution
		Debug|Any CPU = Debug|Any CPU
		Release|Any CPU = Release|Any CPU
	EndGlobalSection
	GlobalSection(ProjectConfigurationPlatforms) = postSolution
		{8FB81A96-EA49-457D-BCD5-9F1A81E33319}.Debug|Any CPU.ActiveCfg = Debug|Any CPU
		{8FB81A96-EA49-457D-BCD5-9F1A81E33319}.Release|Any CPU.ActiveCfg = Release|Any CPU
		{8D9EEFFD-8C1B-4D73-8C85-FA7EAC8A3571}.Debug|Any CPU.ActiveCfg = Debug|Any CPU
		{8D9EEFFD-8C1B-4D73-8C85-FA7EAC8A3571}.Debug|Any CPU.Build.0 = Debug|Any CPU
		{8D9EEFFD-8C1B-4D73-8C85-FA7EAC8A3571}.Release|Any CPU.ActiveCfg = Release|Any CPU
		{8D9EEFFD-8C1B-4D73-8C85-FA7EAC8A3571}.Release|Any CPU.Build.0 = Release|Any CPU
	EndGlobalSection
	GlobalSection(SolutionProperties) = preSolution
		HideSolutionNode = FALSE
	EndGlobalSection
	GlobalSection(ExtensibilityGlobals) = postSolution
		SolutionGuid = {360C964E-BFEB-412C-A0D1-AFE530FA3075}
	EndGlobalSection
EndGlobal
